<Solution>
  <Project Path="Data Types and Typecasting/Data Types and Typecasting.csproj" Id="032a14ae-0bdb-42bc-80dc-bdc524d69e14" />
  <Project Path="Operators/Operators.csproj" Id="a5ce1542-58ac-451d-a714-205dd204505e" />
  <Project Path="Variables/Variables.csproj" Id="c910473f-e62b-44c1-9502-418ab911798b" />
</Solution>
